
Microsoft Visual Studio Solution File, Format Version 12.00
# Visual Studio Version 17
VisualStudioVersion = 17.2.32630.192
MinimumVisualStudioVersion = 10.0.40219.1
Project("{FAE04EC0-301F-11D3-BF4B-00C04F79EFBC}") = "NumericCalculator(exampleNumbers)", "NumericCalculator(exampleNumbers)\NumericCalculator(exampleNumbers).csproj", "{5BD36816-B521-4728-92BF-20381A7B04C9}"
EndProject
Global
	GlobalSection(SolutionConfigurationPlatforms) = preSolution
		Debug|Any CPU = Debug|Any CPU
		Release|Any CPU = Release|Any CPU
	EndGlobalSection
	GlobalSection(ProjectConfigurationPlatforms) = postSolution
		{5BD36816-B521-4728-92BF-20381A7B04C9}.Debug|Any CPU.ActiveCfg = Debug|Any CPU
		{5BD36816-B521-4728-92BF-20381A7B04C9}.Debug|Any CPU.Build.0 = Debug|Any CPU
		{5BD36816-B521-4728-92BF-20381A7B04C9}.Release|Any CPU.ActiveCfg = Release|Any CPU
		{5BD36816-B521-4728-92BF-20381A7B04C9}.Release|Any CPU.Build.0 = Release|Any CPU
	EndGlobalSection
	GlobalSection(SolutionProperties) = preSolution
		HideSolutionNode = FALSE
	EndGlobalSection
	GlobalSection(ExtensibilityGlobals) = postSolution
		SolutionGuid = {422CC3AA-176D-4017-815F-7D32FD509C08}
	EndGlobalSection
EndGlobal
