
Microsoft Visual Studio Solution File, Format Version 12.00
# Visual Studio Version 17
VisualStudioVersion = 17.2.32630.192
MinimumVisualStudioVersion = 10.0.40219.1
Project("{FAE04EC0-301F-11D3-BF4B-00C04F79EFBC}") = "ChallengeStringMethod", "ChallengeStringMethod\ChallengeStringMethod.csproj", "{991A31A2-262C-4BD4-889F-A2EAF1CE539F}"
EndProject
Global
	GlobalSection(SolutionConfigurationPlatforms) = preSolution
		Debug|Any CPU = Debug|Any CPU
		Release|Any CPU = Release|Any CPU
	EndGlobalSection
	GlobalSection(ProjectConfigurationPlatforms) = postSolution
		{991A31A2-262C-4BD4-889F-A2EAF1CE539F}.Debug|Any CPU.ActiveCfg = Debug|Any CPU
		{991A31A2-262C-4BD4-889F-A2EAF1CE539F}.Debug|Any CPU.Build.0 = Debug|Any CPU
		{991A31A2-262C-4BD4-889F-A2EAF1CE539F}.Release|Any CPU.ActiveCfg = Release|Any CPU
		{991A31A2-262C-4BD4-889F-A2EAF1CE539F}.Release|Any CPU.Build.0 = Release|Any CPU
	EndGlobalSection
	GlobalSection(SolutionProperties) = preSolution
		HideSolutionNode = FALSE
	EndGlobalSection
	GlobalSection(ExtensibilityGlobals) = postSolution
		SolutionGuid = {C8745A01-4C41-4B3D-A7E3-8A34D1C89444}
	EndGlobalSection
EndGlobal
